
Microsoft Visual Studio Solution File, Format Version 12.00
# Visual Studio Version 16
VisualStudioVersion = 16.0.29009.5
MinimumVisualStudioVersion = 10.0.40219.1
Project("{FAE04EC0-301F-11D3-BF4B-00C04F79EFBC}") = "SeleniumSampleTest", "SeleniumSampleTest.csproj", "{11F4B1C7-F152-4781-9010-09987E461046}"
EndProject
Global
	GlobalSection(SolutionConfigurationPlatforms) = preSolution
		Debug|Any CPU = Debug|Any CPU
		Release|Any CPU = Release|Any CPU
	EndGlobalSection
	GlobalSection(ProjectConfigurationPlatforms) = postSolution
		{11F4B1C7-F152-4781-9010-09987E461046}.Debug|Any CPU.ActiveCfg = Debug|Any CPU
		{11F4B1C7-F152-4781-9010-09987E461046}.Debug|Any CPU.Build.0 = Debug|Any CPU
		{11F4B1C7-F152-4781-9010-09987E461046}.Release|Any CPU.ActiveCfg = Release|Any CPU
		{11F4B1C7-F152-4781-9010-09987E461046}.Release|Any CPU.Build.0 = Release|Any CPU
	EndGlobalSection
	GlobalSection(SolutionProperties) = preSolution
		HideSolutionNode = FALSE
	EndGlobalSection
	GlobalSection(ExtensibilityGlobals) = postSolution
		SolutionGuid = {0C80A761-138D-49E4-AB6B-49EC88D8C536}
	EndGlobalSection
EndGlobal
